{
  "nodes": {
    "flakeNimbleLib": {
      "inputs": {
        "nixpkgs": [
          "nixpkgs"
        ]
      },
      "locked": {
        "lastModified": 1662018438,
        "narHash": "sha256-QtNtU6+LX3Wokxf0zlFwKTFOcn6TeDjKQZ+DA9OYtvM=",
        "owner": "riinr",
        "repo": "nim-flakes-lib",
        "rev": "b1fe8340736e3a85d25c709ac3dfd82a55c03cbf",
        "type": "github"
      },
      "original": {
        "owner": "riinr",
        "ref": "master",
        "repo": "nim-flakes-lib",
        "type": "github"
      }
    },
    "nixpkgs": {
      "locked": {
        "lastModified": 1667110639,
        "narHash": "sha256-4FbPESZ5LbqQxkJJJBAfk/zKgF9h/4kyUwjjpJwYlbc=",
        "owner": "NixOS",
        "repo": "nixpkgs",
        "rev": "f38a1f04d1bec1feb61fd101a0539ae2002a7087",
        "type": "github"
      },
      "original": {
        "id": "nixpkgs",
        "type": "indirect"
      }
    },
    "remotery-master": {
      "inputs": {
        "flakeNimbleLib": [
          "flakeNimbleLib"
        ],
        "nixpkgs": [
          "nixpkgs"
        ],
        "src-Remotery-master": "src-Remotery-master"
      },
      "locked": {
        "dir": "master",
        "lastModified": 1662254784,
        "narHash": "sha256-+s21ZEnZHZectEJD6Ch3gr5v1bQYoofVAaGtvj56qM0=",
        "owner": "nim-nix-pkgs",
        "repo": "remotery",
        "rev": "43a23bcacf72d3e03218a5f10ce756e24f34cf03",
        "type": "github"
      },
      "original": {
        "dir": "master",
        "owner": "nim-nix-pkgs",
        "ref": "master",
        "repo": "remotery",
        "type": "github"
      }
    },
    "root": {
      "inputs": {
        "flakeNimbleLib": "flakeNimbleLib",
        "nixpkgs": "nixpkgs",
        "remotery-master": "remotery-master"
      }
    },
    "src-Remotery-master": {
      "flake": false,
      "locked": {
        "lastModified": 1472530845,
        "narHash": "sha256-WVlNroFaFBej6jRe3Tscb+S86gbqt5bBSHcfqysSEP0=",
        "owner": "Halsys",
        "repo": "Nim-Remotery",
        "rev": "f7b45b35afe2c30d5ac3eff4b273bad63cd03308",
        "type": "github"
      },
      "original": {
        "owner": "Halsys",
        "ref": "refs/heads/master",
        "repo": "Nim-Remotery",
        "type": "github"
      }
    }
  },
  "root": "root",
  "version": 7
}
